
Microsoft Visual Studio Solution File, Format Version 12.00
# Visual Studio 2012
Project("{8BC9CEB8-8B4A-11D0-8D11-00A0C91BC942}") = "laba2cpp", "laba2cpp\laba2cpp.vcxproj", "{B61D4314-7E7D-4BE6-AA22-4BE4D8D3536F}"
EndProject
Global
	GlobalSection(SolutionConfigurationPlatforms) = preSolution
		Debug|Win32 = Debug|Win32
		Release|Win32 = Release|Win32
	EndGlobalSection
	GlobalSection(ProjectConfigurationPlatforms) = postSolution
		{B61D4314-7E7D-4BE6-AA22-4BE4D8D3536F}.Debug|Win32.ActiveCfg = Debug|Win32
		{B61D4314-7E7D-4BE6-AA22-4BE4D8D3536F}.Debug|Win32.Build.0 = Debug|Win32
		{B61D4314-7E7D-4BE6-AA22-4BE4D8D3536F}.Release|Win32.ActiveCfg = Release|Win32
		{B61D4314-7E7D-4BE6-AA22-4BE4D8D3536F}.Release|Win32.Build.0 = Release|Win32
	EndGlobalSection
	GlobalSection(SolutionProperties) = preSolution
		HideSolutionNode = FALSE
	EndGlobalSection
EndGlobal
